{
  "object": {
    "pins": [
      {
        "package": "FitFileParser",
        "repositoryURL": "https://github.com/roznet/FitFileParser.git",
        "state": {
          "branch": "main",
          "revision": "dcac950df4cf33a25fe547ad1751f15edf0455a8",
          "version": null
        }
      }
    ]
  },
  "version": 1
}
