{
  "object": {
    "pins": [
      {
        "package": "FitFileparser",
        "repositoryURL": "https://github.com/roznet/FitFileParser.git",
        "state": {
          "branch": "main",
          "revision": "210e36d96b92acde9a88d6852cbfbf3cfc2be308",
          "version": null
        }
      }
    ]
  },
  "version": 1
}
