{
  "object": {
    "pins": [
      {
        "package": "FitFileparser",
        "repositoryURL": "https://github.com/roznet/FitFileParser.git",
        "state": {
          "branch": "main",
          "revision": "daf7afc3739b107276f433688188702173b9895f",
          "version": null
        }
      }
    ]
  },
  "version": 1
}
